
Microsoft Visual Studio Solution File, Format Version 12.00
# Visual Studio Version 16
VisualStudioVersion = 16.0.31402.337
MinimumVisualStudioVersion = 10.0.40219.1
Project("{8BC9CEB8-8B4A-11D0-8D11-00A0C91BC942}") = "symboli_carotene", "symboli_carotene.vcxproj", "{04065623-A7EF-461D-9036-8116D8224EB2}"
EndProject
Global
	GlobalSection(SolutionConfigurationPlatforms) = preSolution
		Debug|x64 = Debug|x64
		Release|x64 = Release|x64
	EndGlobalSection
	GlobalSection(ProjectConfigurationPlatforms) = postSolution
		{04065623-A7EF-461D-9036-8116D8224EB2}.Debug|x64.ActiveCfg = Debug|x64
		{04065623-A7EF-461D-9036-8116D8224EB2}.Debug|x64.Build.0 = Debug|x64
		{04065623-A7EF-461D-9036-8116D8224EB2}.Release|x64.ActiveCfg = Release|x64
		{04065623-A7EF-461D-9036-8116D8224EB2}.Release|x64.Build.0 = Release|x64
	EndGlobalSection
	GlobalSection(SolutionProperties) = preSolution
		HideSolutionNode = FALSE
	EndGlobalSection
	GlobalSection(ExtensibilityGlobals) = postSolution
		SolutionGuid = {8987A232-2718-415F-902E-6FE9A269E07C}
	EndGlobalSection
EndGlobal
